
Microsoft Visual Studio Solution File, Format Version 12.00
# Visual Studio 15
VisualStudioVersion = 15.0.28010.2003
MinimumVisualStudioVersion = 10.0.40219.1
Project("{FAE04EC0-301F-11D3-BF4B-00C04F79EFBC}") = "CSVSchema", "CSVSchema\CSVSchema.csproj", "{3E198275-F05C-4FAF-B128-F41F2FE7A756}"
EndProject
Project("{FAE04EC0-301F-11D3-BF4B-00C04F79EFBC}") = "CSVSchema.Test", "CSVSchema.Test\CSVSchema.Test.csproj", "{78F8E052-421A-4AAD-9028-1447842D72BB}"
EndProject
Global
	GlobalSection(SolutionConfigurationPlatforms) = preSolution
		Debug|Any CPU = Debug|Any CPU
		Release|Any CPU = Release|Any CPU
	EndGlobalSection
	GlobalSection(ProjectConfigurationPlatforms) = postSolution
		{3E198275-F05C-4FAF-B128-F41F2FE7A756}.Debug|Any CPU.ActiveCfg = Debug|Any CPU
		{3E198275-F05C-4FAF-B128-F41F2FE7A756}.Debug|Any CPU.Build.0 = Debug|Any CPU
		{3E198275-F05C-4FAF-B128-F41F2FE7A756}.Release|Any CPU.ActiveCfg = Release|Any CPU
		{3E198275-F05C-4FAF-B128-F41F2FE7A756}.Release|Any CPU.Build.0 = Release|Any CPU
		{78F8E052-421A-4AAD-9028-1447842D72BB}.Debug|Any CPU.ActiveCfg = Debug|Any CPU
		{78F8E052-421A-4AAD-9028-1447842D72BB}.Debug|Any CPU.Build.0 = Debug|Any CPU
		{78F8E052-421A-4AAD-9028-1447842D72BB}.Release|Any CPU.ActiveCfg = Release|Any CPU
		{78F8E052-421A-4AAD-9028-1447842D72BB}.Release|Any CPU.Build.0 = Release|Any CPU
	EndGlobalSection
	GlobalSection(SolutionProperties) = preSolution
		HideSolutionNode = FALSE
	EndGlobalSection
	GlobalSection(ExtensibilityGlobals) = postSolution
		SolutionGuid = {7AF0AC65-00B5-49F6-9CAD-0D396248C09A}
	EndGlobalSection
EndGlobal
